
Microsoft Visual Studio Solution File, Format Version 12.00
# Visual Studio Version 17
VisualStudioVersion = 17.6.33712.159
MinimumVisualStudioVersion = 10.0.40219.1
Project("{8BC9CEB8-8B4A-11D0-8D11-00A0C91BC942}") = "Triangle_filling", "Triangle_filling\Triangle_filling.vcxproj", "{DF1144CE-BAC9-4C95-BC8D-B34B6C15B882}"
EndProject
Global
	GlobalSection(SolutionConfigurationPlatforms) = preSolution
		Debug|x64 = Debug|x64
		Debug|x86 = Debug|x86
		Release|x64 = Release|x64
		Release|x86 = Release|x86
	EndGlobalSection
	GlobalSection(ProjectConfigurationPlatforms) = postSolution
		{DF1144CE-BAC9-4C95-BC8D-B34B6C15B882}.Debug|x64.ActiveCfg = Debug|x64
		{DF1144CE-BAC9-4C95-BC8D-B34B6C15B882}.Debug|x64.Build.0 = Debug|x64
		{DF1144CE-BAC9-4C95-BC8D-B34B6C15B882}.Debug|x86.ActiveCfg = Debug|Win32
		{DF1144CE-BAC9-4C95-BC8D-B34B6C15B882}.Debug|x86.Build.0 = Debug|Win32
		{DF1144CE-BAC9-4C95-BC8D-B34B6C15B882}.Release|x64.ActiveCfg = Release|x64
		{DF1144CE-BAC9-4C95-BC8D-B34B6C15B882}.Release|x64.Build.0 = Release|x64
		{DF1144CE-BAC9-4C95-BC8D-B34B6C15B882}.Release|x86.ActiveCfg = Release|Win32
		{DF1144CE-BAC9-4C95-BC8D-B34B6C15B882}.Release|x86.Build.0 = Release|Win32
	EndGlobalSection
	GlobalSection(SolutionProperties) = preSolution
		HideSolutionNode = FALSE
	EndGlobalSection
	GlobalSection(ExtensibilityGlobals) = postSolution
		SolutionGuid = {82DA2A3D-9D87-46D9-91F7-DD73F214FC27}
	EndGlobalSection
EndGlobal
